
Microsoft Visual Studio Solution File, Format Version 12.00
# Visual Studio Version 16
VisualStudioVersion = 16.0.28803.452
MinimumVisualStudioVersion = 10.0.40219.1
Project("{9A19103F-16F7-4668-BE54-9A1E7A4F7556}") = "LoansManager.DAL", "LoansManager.DAL\LoansManager.DAL.csproj", "{99B793A3-31EA-4462-BD86-491ABD996E98}"
EndProject
Project("{9A19103F-16F7-4668-BE54-9A1E7A4F7556}") = "LoansManager.UnitTest", "LoansManager.UnitTest\LoansManager.UnitTest.csproj", "{EDEF87ED-6867-4540-BE3A-281F9AB16E39}"
EndProject
Project("{9A19103F-16F7-4668-BE54-9A1E7A4F7556}") = "LoansManager.Common", "LoansManager.Common\LoansManager.Common.csproj", "{FC845B0A-3005-4BE4-A79C-886431080BF5}"
EndProject
Project("{9A19103F-16F7-4668-BE54-9A1E7A4F7556}") = "LoansManager.BussinessLogic", "LoansManager.BussinessLogic\LoansManager.BussinessLogic.csproj", "{EB9E3163-FE83-4866-AB7C-D3D4E278B854}"
EndProject
Project("{9A19103F-16F7-4668-BE54-9A1E7A4F7556}") = "LoansManager.WebApi", "LoansManager.WebApi\LoansManager.WebApi.csproj", "{C9996D6C-325E-405E-ADC3-5257661C4820}"
EndProject
Global
	GlobalSection(SolutionConfigurationPlatforms) = preSolution
		Debug|Any CPU = Debug|Any CPU
		Release|Any CPU = Release|Any CPU
	EndGlobalSection
	GlobalSection(ProjectConfigurationPlatforms) = postSolution
		{99B793A3-31EA-4462-BD86-491ABD996E98}.Debug|Any CPU.ActiveCfg = Debug|Any CPU
		{99B793A3-31EA-4462-BD86-491ABD996E98}.Debug|Any CPU.Build.0 = Debug|Any CPU
		{99B793A3-31EA-4462-BD86-491ABD996E98}.Release|Any CPU.ActiveCfg = Release|Any CPU
		{99B793A3-31EA-4462-BD86-491ABD996E98}.Release|Any CPU.Build.0 = Release|Any CPU
		{EDEF87ED-6867-4540-BE3A-281F9AB16E39}.Debug|Any CPU.ActiveCfg = Debug|Any CPU
		{EDEF87ED-6867-4540-BE3A-281F9AB16E39}.Debug|Any CPU.Build.0 = Debug|Any CPU
		{EDEF87ED-6867-4540-BE3A-281F9AB16E39}.Release|Any CPU.ActiveCfg = Release|Any CPU
		{EDEF87ED-6867-4540-BE3A-281F9AB16E39}.Release|Any CPU.Build.0 = Release|Any CPU
		{FC845B0A-3005-4BE4-A79C-886431080BF5}.Debug|Any CPU.ActiveCfg = Debug|Any CPU
		{FC845B0A-3005-4BE4-A79C-886431080BF5}.Debug|Any CPU.Build.0 = Debug|Any CPU
		{FC845B0A-3005-4BE4-A79C-886431080BF5}.Release|Any CPU.ActiveCfg = Release|Any CPU
		{FC845B0A-3005-4BE4-A79C-886431080BF5}.Release|Any CPU.Build.0 = Release|Any CPU
		{EB9E3163-FE83-4866-AB7C-D3D4E278B854}.Debug|Any CPU.ActiveCfg = Debug|Any CPU
		{EB9E3163-FE83-4866-AB7C-D3D4E278B854}.Debug|Any CPU.Build.0 = Debug|Any CPU
		{EB9E3163-FE83-4866-AB7C-D3D4E278B854}.Release|Any CPU.ActiveCfg = Release|Any CPU
		{EB9E3163-FE83-4866-AB7C-D3D4E278B854}.Release|Any CPU.Build.0 = Release|Any CPU
		{C9996D6C-325E-405E-ADC3-5257661C4820}.Debug|Any CPU.ActiveCfg = Debug|Any CPU
		{C9996D6C-325E-405E-ADC3-5257661C4820}.Debug|Any CPU.Build.0 = Debug|Any CPU
		{C9996D6C-325E-405E-ADC3-5257661C4820}.Release|Any CPU.ActiveCfg = Release|Any CPU
		{C9996D6C-325E-405E-ADC3-5257661C4820}.Release|Any CPU.Build.0 = Release|Any CPU
	EndGlobalSection
	GlobalSection(SolutionProperties) = preSolution
		HideSolutionNode = FALSE
	EndGlobalSection
	GlobalSection(ExtensibilityGlobals) = postSolution
		SolutionGuid = {BC06BCC6-49ED-4F95-BD19-E0586549F033}
	EndGlobalSection
EndGlobal
